{
  "name": "dynoxide-wasm",
  "version": "0.0.0",
  "lockfileVersion": 3,
  "requires": true,
  "packages": {
    "": {
      "name": "dynoxide-wasm",
      "version": "0.0.0",
      "devDependencies": {
        "wa-sqlite": "^1.0.0"
      }
    },
    "node_modules/wa-sqlite": {
      "version": "1.0.0",
      "resolved": "https://registry.npmjs.org/wa-sqlite/-/wa-sqlite-1.0.0.tgz",
      "integrity": "sha512-Kyybo5/BaJp76z7gDWGk2J6Hthl4NIPsE+swgraEjy3IY6r5zIR02wAs1OJH4XtJp1y3puj3Onp5eMGS0z7nUA==",
      "dev": true
    }
  }
}
